NeoBundleLock molokai db8ce13b3737d3ddea8368498183d7c204a762eb
NeoBundleLock bufexplorer f3bbe12664b08038912faac586f6c0b5104325c3
NeoBundleLock neobundle.vim 4a3bb7fb323b62f571c22ff15139fe996dc60ac8
NeoBundleLock vim-submode 8186099d2acc3a9a4cf09878c57308a30008c536
NeoBundleLock vcscommand.vim 2fb32681361f37533455d20aaa7fc6eb11b0fa4b
