NeoBundleLock bufexplorer 3dea4bb053b39f299fb94ff193d6f5a4e5d47ee8
NeoBundleLock molokai db8ce13b3737d3ddea8368498183d7c204a762eb
NeoBundleLock neobundle.vim 0c31437b58831efa20a9623e78be25a90df8c8c8
NeoBundleLock taglist.vim 53041fbc45398a9af631a20657e109707a455339
NeoBundleLock vcscommand.vim 2fb32681361f37533455d20aaa7fc6eb11b0fa4b
NeoBundleLock vim-submode 8186099d2acc3a9a4cf09878c57308a30008c536
